
Microsoft Visual Studio Solution File, Format Version 12.00
# Visual Studio Version 17
VisualStudioVersion = 17.3.32922.545
MinimumVisualStudioVersion = 10.0.40219.1
Project("{9A19103F-16F7-4668-BE54-9A1E7A4F7556}") = "LongDistancePowerLinesCalsulate", "LongDistancePowerLinesCalsulate\LongDistancePowerLinesCalsulate.csproj", "{E30BD97F-6955-4F83-8C73-E0E0E2EDA1D1}"
EndProject
Project("{9A19103F-16F7-4668-BE54-9A1E7A4F7556}") = "Test", "Test\Test.csproj", "{CEC9D8BA-B110-4C61-8197-EF2D5DB6C47D}"
EndProject
Project("{FAE04EC0-301F-11D3-BF4B-00C04F79EFBC}") = "WpfApplication", "WpfApplication\WpfApplication.csproj", "{E9DB2263-57E9-47B6-AF07-43E51EC76E6A}"
EndProject
Global
	GlobalSection(SolutionConfigurationPlatforms) = preSolution
		Debug|Any CPU = Debug|Any CPU
		Release|Any CPU = Release|Any CPU
	EndGlobalSection
	GlobalSection(ProjectConfigurationPlatforms) = postSolution
		{E30BD97F-6955-4F83-8C73-E0E0E2EDA1D1}.Debug|Any CPU.ActiveCfg = Debug|Any CPU
		{E30BD97F-6955-4F83-8C73-E0E0E2EDA1D1}.Debug|Any CPU.Build.0 = Debug|Any CPU
		{E30BD97F-6955-4F83-8C73-E0E0E2EDA1D1}.Release|Any CPU.ActiveCfg = Release|Any CPU
		{E30BD97F-6955-4F83-8C73-E0E0E2EDA1D1}.Release|Any CPU.Build.0 = Release|Any CPU
		{CEC9D8BA-B110-4C61-8197-EF2D5DB6C47D}.Debug|Any CPU.ActiveCfg = Debug|Any CPU
		{CEC9D8BA-B110-4C61-8197-EF2D5DB6C47D}.Debug|Any CPU.Build.0 = Debug|Any CPU
		{CEC9D8BA-B110-4C61-8197-EF2D5DB6C47D}.Release|Any CPU.ActiveCfg = Release|Any CPU
		{CEC9D8BA-B110-4C61-8197-EF2D5DB6C47D}.Release|Any CPU.Build.0 = Release|Any CPU
		{E9DB2263-57E9-47B6-AF07-43E51EC76E6A}.Debug|Any CPU.ActiveCfg = Debug|Any CPU
		{E9DB2263-57E9-47B6-AF07-43E51EC76E6A}.Debug|Any CPU.Build.0 = Debug|Any CPU
		{E9DB2263-57E9-47B6-AF07-43E51EC76E6A}.Release|Any CPU.ActiveCfg = Release|Any CPU
		{E9DB2263-57E9-47B6-AF07-43E51EC76E6A}.Release|Any CPU.Build.0 = Release|Any CPU
	EndGlobalSection
	GlobalSection(SolutionProperties) = preSolution
		HideSolutionNode = FALSE
	EndGlobalSection
	GlobalSection(ExtensibilityGlobals) = postSolution
		SolutionGuid = {109516D5-409D-45A5-8D02-57819161356A}
	EndGlobalSection
EndGlobal
